{
  "name": "vite-react-typescript-starter",
  "version": "0.0.0",
  "lockfileVersion": 3,
  "requires": true,
  "packages": {
    "": {
      "name": "vite-react-typescript-starter",
      "version": "0.0.0",
      "private": true,
      "dependencies": {
        "cors": "^2.8.5",
        "dotenv": "^16.4.5",
        "express": "^4.18.3",
        "mongodb": "^6.13.0"
      },
      "engines": {
        "node": ">=18"
      }
    },
    "node_modules/cors": {
      "version": "2.8.5",
      "resolved": "https://registry.npmjs.org/cors/-/cors-2.8.5.tgz",
      "integrity": "sha512-KIHbLJquvySUyrP5DgtLSucn3RSEhnfW0rLQ/YtVa6juLy7o9iLgFuKPmnIHPFxvUOgUspRmEkkzMhNLE2ltVA=="
    },
    "node_modules/dotenv": {
      "version": "16.4.5",
      "resolved": "https://registry.npmjs.org/dotenv/-/dotenv-16.4.5.tgz",
      "integrity": "sha512-eFTdCXq/Yt+2qg0Zt5uD7b8j3mN3Uj/09e5n/4vR4wU7+yWw/l63Jg5g/l3sI1r/c9l1I4e+y1d7F/q6g4p2w=="
    },
    "node_modules/express": {
      "version": "4.18.3",
      "resolved": "https://registry.npmjs.org/express/-/express-4.18.3.tgz",
      "integrity": "sha512-kfo2k5Lhnlq4rapQWbWIj7+1PD9fgf7p7uLvK7237v0WjVl6t272WMo40j1pb2r8GPF7Uej+vHw7yQ3Up6tIPA==",
      "dependencies": {
        "accepts": "~1.3.8",
        "array-flatten": "1.1.1",
        "body-parser": "1.20.2",
        "content-disposition": "0.5.4",
        "content-type": "~1.0.4",
        "cookie": "0.5.0",
        "cookie-signature": "1.0.6",
        "debug": "2.6.9",
        "depd": "~2.0.0",
        "destroy": "1.2.0",
        "ee-first": "1.1.1",
        "encodeurl": "~1.0.2",
        "escape-html": "~1.0.3",
        "etag": "~1.8.1",
        "finalhandler": "~1.2.0",
        "fresh": "0.5.2",
        "http-errors": "~2.0.0",
        "iconv-lite": "0.4.24",
        "inherits": "2.0.4",
        "ipaddr.js": "1.9.1",
        "media-typer": "0.8.0",
        "merge-descriptors": "1.0.1",
        "methods": "~1.1.2",
        "mime": "1.6.0",
        "mime-db": "~1.52.0",
        "mime-types": "~2.1.35",
        "ms": "2.0.0",
        "negotiator": "0.6.3",
        "object-inspect": "1.12.3",
        "on-finished": "~2.4.1",
        "parseurl": "~1.3.3",
        "path-to-regexp": "0.1.7",
        "proxy-addr": "~2.0.7",
        "qs": "6.11.0",
        "range-parser": "~1.2.1",
        "raw-body": "2.5.2",
        "safe-buffer": "5.2.1",
        "safer-buffer": "2.1.2",
        "send": "0.18.0",
        "serve-static": "~1.15.0",
        "setprototypeof": "1.2.0",
        "statuses": "~2.0.1",
        "toidentifier": "1.0.1",
        "type-is": "~1.6.18",
        "unpipe": "~1.0.0",
        "utils-merge": "1.0.1",
        "vary": "~1.1.2"
      }
    },
    "node_modules/mongodb": {
      "version": "6.13.0",
      "resolved": "https://registry.npmjs.org/mongodb/-/mongodb-6.13.0.tgz",
      "integrity": "sha512-bJgP/21nQ+1m9f09jCj+k9v6/60Q+9LqV0890sR4/v96l9b1w78r83j+z9WfUo+l3a+s3v+58X/t2r1i+y3w==",
      "peerDependencies": {
        "@aws-sdk/credential-providers": ">=3.133.0",
        "@mongodb-js/saslprep": "^1.1.0",
        "bson": "^6.3.4",
        "mongodb-client-encryption": "^2.1.0",
        "snappy": "^7.2.2",
        "socks": "^2.7.1",
        "zstd": "^1.3.8"
      },
      "peerDependenciesMeta": {
        "@aws-sdk/credential-providers": {
          "optional": true
        },
        "@mongodb-js/saslprep": {
          "optional": true
        },
        "bson": {
          "optional": true
        },
        "mongodb-client-encryption": {
          "optional": true
        },
        "snappy": {
          "optional": true
        },
        "socks": {
          "optional": true
        },
        "zstd": {
          "optional": true
        }
      }
    }
  }
}
